
Microsoft Visual Studio Solution File, Format Version 12.00
# Visual Studio Version 16
VisualStudioVersion = 25.0.1704.2
MinimumVisualStudioVersion = 10.0.40219.1
Project("{FAE04EC0-301F-11D3-BF4B-00C04F79EFBC}") = "ServiceCarTracker", "ServiceCarTracker\ServiceCarTracker.csproj", "{68F64622-4519-4FD5-BE14-AE03AB5032DC}"
EndProject
Global
	GlobalSection(SolutionConfigurationPlatforms) = preSolution
		Debug|Any CPU = Debug|Any CPU
		Release|Any CPU = Release|Any CPU
	EndGlobalSection
	GlobalSection(ProjectConfigurationPlatforms) = postSolution
		{68F64622-4519-4FD5-BE14-AE03AB5032DC}.Debug|Any CPU.ActiveCfg = Debug|Any CPU
		{68F64622-4519-4FD5-BE14-AE03AB5032DC}.Debug|Any CPU.Build.0 = Debug|Any CPU
		{68F64622-4519-4FD5-BE14-AE03AB5032DC}.Release|Any CPU.ActiveCfg = Release|Any CPU
		{68F64622-4519-4FD5-BE14-AE03AB5032DC}.Release|Any CPU.Build.0 = Release|Any CPU
	EndGlobalSection
	GlobalSection(SolutionProperties) = preSolution
		HideSolutionNode = FALSE
	EndGlobalSection
	GlobalSection(ExtensibilityGlobals) = postSolution
		SolutionGuid = {68B795D1-0B86-47C9-84C8-999980C96973}
	EndGlobalSection
EndGlobal
